// !$*UTF8*$!
{
	archiveVersion = 1;
	classes = {
	};
	objectVersion = 55;
	objects = {

/* Begin PBXBuildFile section */
		810D4AB4277EE16B006DFF30 /* GroceryMartAppApp.swift in Sources */ = {isa = PBXBuildFile; fileRef = 810D4AB3277EE16B006DFF30 /* GroceryMartAppApp.swift */; };
		810D4AB6277EE16B006DFF30 /* Home.swift in Sources */ = {isa = PBXBuildFile; fileRef = 810D4AB5277EE16B006DFF30 /* Home.swift */; };
		810D4AB8277EE16C006DFF30 /* Assets.xcassets in Resources */ = {isa = PBXBuildFile; fileRef = 810D4AB7277EE16C006DFF30 /* Assets.xcassets */; };
		810D4ABB277EE16C006DFF30 /* Preview Assets.xcassets in Resources */ = {isa = PBXBuildFile; fileRef = 810D4ABA277EE16C006DFF30 /* Preview Assets.xcassets */; };
		810D4ACA277EE2D4006DFF30 /* ProductData.json in Resources */ = {isa = PBXBuildFile; fileRef = 810D4AC9277EE2D4006DFF30 /* ProductData.json */; };
		810D4ACD277EE2F2006DFF30 /* LaunchScreen.storyboard in Resources */ = {isa = PBXBuildFile; fileRef = 810D4ACB277EE2F2006DFF30 /* LaunchScreen.storyboard */; };
		810D4AD3277EF630006DFF30 /* ProductRow.swift in Sources */ = {isa = PBXBuildFile; fileRef = 810D4AD2277EF630006DFF30 /* ProductRow.swift */; };
		810D4AD6277EFB9C006DFF30 /* ColorExtension.swift in Sources */ = {isa = PBXBuildFile; fileRef = 810D4AD5277EFB9C006DFF30 /* ColorExtension.swift */; };
		810D4AD8277F0B36006DFF30 /* Product.swift in Sources */ = {isa = PBXBuildFile; fileRef = 810D4AD7277F0B36006DFF30 /* Product.swift */; };
/* End PBXBuildFile section */

/* Begin PBXFileReference section */
		810D4AB0277EE16B006DFF30 /* GroceryMartApp.app */ = {isa = PBXFileReference; explicitFileType = wrapper.application; includeInIndex = 0; path = GroceryMartApp.app; sourceTree = BUILT_PRODUCTS_DIR; };
		810D4AB3277EE16B006DFF30 /* GroceryMartAppApp.swift */ = {isa = PBXFileReference; lastKnownFileType = sourcecode.swift; path = GroceryMartAppApp.swift; sourceTree = "<group>"; };
		810D4AB5277EE16B006DFF30 /* Home.swift */ = {isa = PBXFileReference; lastKnownFileType = sourcecode.swift; path = Home.swift; sourceTree = "<group>"; };
		810D4AB7277EE16C006DFF30 /* Assets.xcassets */ = {isa = PBXFileReference; lastKnownFileType = folder.assetcatalog; path = Assets.xcassets; sourceTree = "<group>"; };
		810D4ABA277EE16C006DFF30 /* Preview Assets.xcassets */ = {isa = PBXFileReference; lastKnownFileType = folder.assetcatalog; path = "Preview Assets.xcassets"; sourceTree = "<group>"; };
		810D4AC9277EE2D4006DFF30 /* ProductData.json */ = {isa = PBXFileReference; fileEncoding = 4; lastKnownFileType = text.json; path = ProductData.json; sourceTree = "<group>"; };
		810D4ACB277EE2F2006DFF30 /* LaunchScreen.storyboard */ = {isa = PBXFileReference; fileEncoding = 4; lastKnownFileType = file.storyboard; path = LaunchScreen.storyboard; sourceTree = "<group>"; };
		810D4AD2277EF630006DFF30 /* ProductRow.swift */ = {isa = PBXFileReference; lastKnownFileType = sourcecode.swift; path = ProductRow.swift; sourceTree = "<group>"; };
		810D4AD5277EFB9C006DFF30 /* ColorExtension.swift */ = {isa = PBXFileReference; lastKnownFileType = sourcecode.swift; path = ColorExtension.swift; sourceTree = "<group>"; };
		810D4AD7277F0B36006DFF30 /* Product.swift */ = {isa = PBXFileReference; lastKnownFileType = sourcecode.swift; path = Product.swift; sourceTree = "<group>"; };
/* End PBXFileReference section */

/* Begin PBXFrameworksBuildPhase section */
		810D4AAD277EE16B006DFF30 /* Frameworks */ = {
			isa = PBXFrameworksBuildPhase;
			buildActionMask = 2147483647;
			files = (
			);
			runOnlyForDeploymentPostprocessing = 0;
		};
/* End PBXFrameworksBuildPhase section */

/* Begin PBXGroup section */
		810D4AA7277EE16B006DFF30 = {
			isa = PBXGroup;
			children = (
				810D4AB2277EE16B006DFF30 /* GroceryMartApp */,
				810D4AB1277EE16B006DFF30 /* Products */,
			);
			sourceTree = "<group>";
		};
		810D4AB1277EE16B006DFF30 /* Products */ = {
			isa = PBXGroup;
			children = (
				810D4AB0277EE16B006DFF30 /* GroceryMartApp.app */,
			);
			name = Products;
			sourceTree = "<group>";
		};
		810D4AB2277EE16B006DFF30 /* GroceryMartApp */ = {
			isa = PBXGroup;
			children = (
				810D4AC1277EE1B9006DFF30 /* Source */,
				810D4AC2277EE1D1006DFF30 /* Resources */,
				810D4AC3277EE1E0006DFF30 /* Supporting Files */,
				810D4AB9277EE16C006DFF30 /* Preview Content */,
			);
			path = GroceryMartApp;
			sourceTree = "<group>";
		};
		810D4AB9277EE16C006DFF30 /* Preview Content */ = {
			isa = PBXGroup;
			children = (
				810D4ABA277EE16C006DFF30 /* Preview Assets.xcassets */,
			);
			path = "Preview Content";
			sourceTree = "<group>";
		};
		810D4AC1277EE1B9006DFF30 /* Source */ = {
			isa = PBXGroup;
			children = (
				810D4AC4277EE20A006DFF30 /* Application */,
				810D4AC5277EE213006DFF30 /* UI */,
				810D4AC7277EE245006DFF30 /* Model */,
				810D4AC8277EE260006DFF30 /* Helper */,
			);
			path = Source;
			sourceTree = "<group>";
		};
		810D4AC2277EE1D1006DFF30 /* Resources */ = {
			isa = PBXGroup;
			children = (
				810D4AC9277EE2D4006DFF30 /* ProductData.json */,
				810D4AB7277EE16C006DFF30 /* Assets.xcassets */,
			);
			path = Resources;
			sourceTree = "<group>";
		};
		810D4AC3277EE1E0006DFF30 /* Supporting Files */ = {
			isa = PBXGroup;
			children = (
				810D4ACB277EE2F2006DFF30 /* LaunchScreen.storyboard */,
			);
			path = "Supporting Files";
			sourceTree = "<group>";
		};
		810D4AC4277EE20A006DFF30 /* Application */ = {
			isa = PBXGroup;
			children = (
				810D4AB3277EE16B006DFF30 /* GroceryMartAppApp.swift */,
			);
			path = Application;
			sourceTree = "<group>";
		};
		810D4AC5277EE213006DFF30 /* UI */ = {
			isa = PBXGroup;
			children = (
				810D4ACF277EE499006DFF30 /* Home */,
			);
			path = UI;
			sourceTree = "<group>";
		};
		810D4AC7277EE245006DFF30 /* Model */ = {
			isa = PBXGroup;
			children = (
				810D4AD7277F0B36006DFF30 /* Product.swift */,
			);
			path = Model;
			sourceTree = "<group>";
		};
		810D4AC8277EE260006DFF30 /* Helper */ = {
			isa = PBXGroup;
			children = (
				810D4AD4277EFB35006DFF30 /* Extension */,
			);
			path = Helper;
			sourceTree = "<group>";
		};
		810D4ACF277EE499006DFF30 /* Home */ = {
			isa = PBXGroup;
			children = (
				810D4AB5277EE16B006DFF30 /* Home.swift */,
				810D4AD2277EF630006DFF30 /* ProductRow.swift */,
			);
			path = Home;
			sourceTree = "<group>";
		};
		810D4AD4277EFB35006DFF30 /* Extension */ = {
			isa = PBXGroup;
			children = (
				810D4AD5277EFB9C006DFF30 /* ColorExtension.swift */,
			);
			path = Extension;
			sourceTree = "<group>";
		};
/* End PBXGroup section */

/* Begin PBXNativeTarget section */
		810D4AAF277EE16B006DFF30 /* GroceryMartApp */ = {
			isa = PBXNativeTarget;
			buildConfigurationList = 810D4ABE277EE16C006DFF30 /* Build configuration list for PBXNativeTarget "GroceryMartApp" */;
			buildPhases = (
				810D4AAC277EE16B006DFF30 /* Sources */,
				810D4AAD277EE16B006DFF30 /* Frameworks */,
				810D4AAE277EE16B006DFF30 /* Resources */,
			);
			buildRules = (
			);
			dependencies = (
			);
			name = GroceryMartApp;
			productName = GroceryMartApp;
			productReference = 810D4AB0277EE16B006DFF30 /* GroceryMartApp.app */;
			productType = "com.apple.product-type.application";
		};
/* End PBXNativeTarget section */

/* Begin PBXProject section */
		810D4AA8277EE16B006DFF30 /* Project object */ = {
			isa = PBXProject;
			attributes = {
				BuildIndependentTargetsInParallel = 1;
				LastSwiftUpdateCheck = 1320;
				LastUpgradeCheck = 1320;
				TargetAttributes = {
					810D4AAF277EE16B006DFF30 = {
						CreatedOnToolsVersion = 13.2.1;
					};
				};
			};
			buildConfigurationList = 810D4AAB277EE16B006DFF30 /* Build configuration list for PBXProject "GroceryMartApp" */;
			compatibilityVersion = "Xcode 13.0";
			developmentRegion = en;
			hasScannedForEncodings = 0;
			knownRegions = (
				en,
				Base,
			);
			mainGroup = 810D4AA7277EE16B006DFF30;
			productRefGroup = 810D4AB1277EE16B006DFF30 /* Products */;
			projectDirPath = "";
			projectRoot = "";
			targets = (
				810D4AAF277EE16B006DFF30 /* GroceryMartApp */,
			);
		};
/* End PBXProject section */

/* Begin PBXResourcesBuildPhase section */
		810D4AAE277EE16B006DFF30 /* Resources */ = {
			isa = PBXResourcesBuildPhase;
			buildActionMask = 2147483647;
			files = (
				810D4ABB277EE16C006DFF30 /* Preview Assets.xcassets in Resources */,
				810D4ACD277EE2F2006DFF30 /* LaunchScreen.storyboard in Resources */,
				810D4AB8277EE16C006DFF30 /* Assets.xcassets in Resources */,
				810D4ACA277EE2D4006DFF30 /* ProductData.json in Resources */,
			);
			runOnlyForDeploymentPostprocessing = 0;
		};
/* End PBXResourcesBuildPhase section */

/* Begin PBXSourcesBuildPhase section */
		810D4AAC277EE16B006DFF30 /* Sources */ = {
			isa = PBXSourcesBuildPhase;
			buildActionMask = 2147483647;
			files = (
				810D4AB6277EE16B006DFF30 /* Home.swift in Sources */,
				810D4AB4277EE16B006DFF30 /* GroceryMartAppApp.swift in Sources */,
				810D4AD8277F0B36006DFF30 /* Product.swift in Sources */,
				810D4AD3277EF630006DFF30 /* ProductRow.swift in Sources */,
				810D4AD6277EFB9C006DFF30 /* ColorExtension.swift in Sources */,
			);
			runOnlyForDeploymentPostprocessing = 0;
		};
/* End PBXSourcesBuildPhase section */

/* Begin XCBuildConfiguration section */
		810D4ABC277EE16C006DFF30 /* Debug */ = {
			isa = XCBuildConfiguration;
			buildSettings = {
				ALWAYS_SEARCH_USER_PATHS = NO;
				CLANG_ANALYZER_NONNULL = YES;
				CLANG_ANALYZER_NUMBER_OBJECT_CONVERSION = YES_AGGRESSIVE;
				CLANG_CXX_LANGUAGE_STANDARD = "gnu++17";
				CLANG_CXX_LIBRARY = "libc++";
				CLANG_ENABLE_MODULES = YES;
				CLANG_ENABLE_OBJC_ARC = YES;
				CLANG_ENABLE_OBJC_WEAK = YES;
				CLANG_WARN_BLOCK_CAPTURE_AUTORELEASING = YES;
				CLANG_WARN_BOOL_CONVERSION = YES;
				CLANG_WARN_COMMA = YES;
				CLANG_WARN_CONSTANT_CONVERSION = YES;
				CLANG_WARN_DEPRECATED_OBJC_IMPLEMENTATIONS = YES;
				CLANG_WARN_DIRECT_OBJC_ISA_USAGE = YES_ERROR;
				CLANG_WARN_DOCUMENTATION_COMMENTS = YES;
				CLANG_WARN_EMPTY_BODY = YES;
				CLANG_WARN_ENUM_CONVERSION = YES;
				CLANG_WARN_INFINITE_RECURSION = YES;
				CLANG_WARN_INT_CONVERSION = YES;
				CLANG_WARN_NON_LITERAL_NULL_CONVERSION = YES;
				CLANG_WARN_OBJC_IMPLICIT_RETAIN_SELF = YES;
				CLANG_WARN_OBJC_LITERAL_CONVERSION = YES;
				CLANG_WARN_OBJC_ROOT_CLASS = YES_ERROR;
				CLANG_WARN_QUOTED_INCLUDE_IN_FRAMEWORK_HEADER = YES;
				CLANG_WARN_RANGE_LOOP_ANALYSIS = YES;
				CLANG_WARN_STRICT_PROTOTYPES = YES;
				CLANG_WARN_SUSPICIOUS_MOVE = YES;
				CLANG_WARN_UNGUARDED_AVAILABILITY = YES_AGGRESSIVE;
				CLANG_WARN_UNREACHABLE_CODE = YES;
				CLANG_WARN__DUPLICATE_METHOD_MATCH = YES;
				COPY_PHASE_STRIP = NO;
				DEBUG_INFORMATION_FORMAT = dwarf;
				ENABLE_STRICT_OBJC_MSGSEND = YES;
				ENABLE_TESTABILITY = YES;
				GCC_C_LANGUAGE_STANDARD = gnu11;
				GCC_DYNAMIC_NO_PIC = NO;
				GCC_NO_COMMON_BLOCKS = YES;
				GCC_OPTIMIZATION_LEVEL = 0;
				GCC_PREPROCESSOR_DEFINITIONS = (
					"DEBUG=1",
					"$(inherited)",
				);
				GCC_WARN_64_TO_32_BIT_CONVERSION = YES;
				GCC_WARN_ABOUT_RETURN_TYPE = YES_ERROR;
				GCC_WARN_UNDECLARED_SELECTOR = YES;
				GCC_WARN_UNINITIALIZED_AUTOS = YES_AGGRESSIVE;
				GCC_WARN_UNUSED_FUNCTION = YES;
				GCC_WARN_UNUSED_VARIABLE = YES;
				IPHONEOS_DEPLOYMENT_TARGET = 15.2;
				MTL_ENABLE_DEBUG_INFO = INCLUDE_SOURCE;
				MTL_FAST_MATH = YES;
				ONLY_ACTIVE_ARCH = YES;
				SDKROOT = iphoneos;
				SWIFT_ACTIVE_COMPILATION_CONDITIONS = DEBUG;
				SWIFT_OPTIMIZATION_LEVEL = "-Onone";
			};
			name = Debug;
		};
		810D4ABD277EE16C006DFF30 /* Release */ = {
			isa = XCBuildConfiguration;
			buildSettings = {
				ALWAYS_SEARCH_USER_PATHS = NO;
				CLANG_ANALYZER_NONNULL = YES;
				CLANG_ANALYZER_NUMBER_OBJECT_CONVERSION = YES_AGGRESSIVE;
				CLANG_CXX_LANGUAGE_STANDARD = "gnu++17";
				CLANG_CXX_LIBRARY = "libc++";
				CLANG_ENABLE_MODULES = YES;
				CLANG_ENABLE_OBJC_ARC = YES;
				CLANG_ENABLE_OBJC_WEAK = YES;
				CLANG_WARN_BLOCK_CAPTURE_AUTORELEASING = YES;
				CLANG_WARN_BOOL_CONVERSION = YES;
				CLANG_WARN_COMMA = YES;
				CLANG_WARN_CONSTANT_CONVERSION = YES;
				CLANG_WARN_DEPRECATED_OBJC_IMPLEMENTATIONS = YES;
				CLANG_WARN_DIRECT_OBJC_ISA_USAGE = YES_ERROR;
				CLANG_WARN_DOCUMENTATION_COMMENTS = YES;
				CLANG_WARN_EMPTY_BODY = YES;
				CLANG_WARN_ENUM_CONVERSION = YES;
				CLANG_WARN_INFINITE_RECURSION = YES;
				CLANG_WARN_INT_CONVERSION = YES;
				CLANG_WARN_NON_LITERAL_NULL_CONVERSION = YES;
				CLANG_WARN_OBJC_IMPLICIT_RETAIN_SELF = YES;
				CLANG_WARN_OBJC_LITERAL_CONVERSION = YES;
				CLANG_WARN_OBJC_ROOT_CLASS = YES_ERROR;
				CLANG_WARN_QUOTED_INCLUDE_IN_FRAMEWORK_HEADER = YES;
				CLANG_WARN_RANGE_LOOP_ANALYSIS = YES;
				CLANG_WARN_STRICT_PROTOTYPES = YES;
				CLANG_WARN_SUSPICIOUS_MOVE = YES;
				CLANG_WARN_UNGUARDED_AVAILABILITY = YES_AGGRESSIVE;
				CLANG_WARN_UNREACHABLE_CODE = YES;
				CLANG_WARN__DUPLICATE_METHOD_MATCH = YES;
				COPY_PHASE_STRIP = NO;
				DEBUG_INFORMATION_FORMAT = "dwarf-with-dsym";
				ENABLE_NS_ASSERTIONS = NO;
				ENABLE_STRICT_OBJC_MSGSEND = YES;
				GCC_C_LANGUAGE_STANDARD = gnu11;
				GCC_NO_COMMON_BLOCKS = YES;
				GCC_WARN_64_TO_32_BIT_CONVERSION = YES;
				GCC_WARN_ABOUT_RETURN_TYPE = YES_ERROR;
				GCC_WARN_UNDECLARED_SELECTOR = YES;
				GCC_WARN_UNINITIALIZED_AUTOS = YES_AGGRESSIVE;
				GCC_WARN_UNUSED_FUNCTION = YES;
				GCC_WARN_UNUSED_VARIABLE = YES;
				IPHONEOS_DEPLOYMENT_TARGET = 15.2;
				MTL_ENABLE_DEBUG_INFO = NO;
				MTL_FAST_MATH = YES;
				SDKROOT = iphoneos;
				SWIFT_COMPILATION_MODE = wholemodule;
				SWIFT_OPTIMIZATION_LEVEL = "-O";
				VALIDATE_PRODUCT = YES;
			};
			name = Release;
		};
		810D4ABF277EE16C006DFF30 /* Debug */ = {
			isa = XCBuildConfiguration;
			buildSettings = {
				ASSETCATALOG_COMPILER_APPICON_NAME = AppIcon;
				ASSETCATALOG_COMPILER_GLOBAL_ACCENT_COLOR_NAME = AccentColor;
				CODE_SIGN_STYLE = Automatic;
				CURRENT_PROJECT_VERSION = 1;
				DEVELOPMENT_ASSET_PATHS = "\"GroceryMartApp/Preview Content\"";
				DEVELOPMENT_TEAM = M63L6X73D4;
				ENABLE_PREVIEWS = YES;
				GENERATE_INFOPLIST_FILE = YES;
				INFOPLIST_KEY_UIApplicationSceneManifest_Generation = YES;
				INFOPLIST_KEY_UIApplicationSupportsIndirectInputEvents = YES;
				INFOPLIST_KEY_UILaunchScreen_Generation = YES;
				INFOPLIST_KEY_UILaunchStoryboardName = LaunchScreen;
				INFOPLIST_KEY_UISupportedInterfaceOrientations_iPad = "UIInterfaceOrientationPortrait UIInterfaceOrientationPortraitUpsideDown UIInterfaceOrientationLandscapeLeft UIInterfaceOrientationLandscapeRight";
				INFOPLIST_KEY_UISupportedInterfaceOrientations_iPhone = "UIInterfaceOrientationPortrait UIInterfaceOrientationLandscapeLeft UIInterfaceOrientationLandscapeRight";
				LD_RUNPATH_SEARCH_PATHS = (
					"$(inherited)",
					"@executable_path/Frameworks",
				);
				MARKETING_VERSION = 1.0;
				PRODUCT_BUNDLE_IDENTIFIER = info.jacobko.GroceryMartApp;
				PRODUCT_NAME = "$(TARGET_NAME)";
				SWIFT_EMIT_LOC_STRINGS = YES;
				SWIFT_VERSION = 5.0;
				TARGETED_DEVICE_FAMILY = 1;
			};
			name = Debug;
		};
		810D4AC0277EE16C006DFF30 /* Release */ = {
			isa = XCBuildConfiguration;
			buildSettings = {
				ASSETCATALOG_COMPILER_APPICON_NAME = AppIcon;
				ASSETCATALOG_COMPILER_GLOBAL_ACCENT_COLOR_NAME = AccentColor;
				CODE_SIGN_STYLE = Automatic;
				CURRENT_PROJECT_VERSION = 1;
				DEVELOPMENT_ASSET_PATHS = "\"GroceryMartApp/Preview Content\"";
				DEVELOPMENT_TEAM = M63L6X73D4;
				ENABLE_PREVIEWS = YES;
				GENERATE_INFOPLIST_FILE = YES;
				INFOPLIST_KEY_UIApplicationSceneManifest_Generation = YES;
				INFOPLIST_KEY_UIApplicationSupportsIndirectInputEvents = YES;
				INFOPLIST_KEY_UILaunchScreen_Generation = YES;
				INFOPLIST_KEY_UILaunchStoryboardName = LaunchScreen;
				INFOPLIST_KEY_UISupportedInterfaceOrientations_iPad = "UIInterfaceOrientationPortrait UIInterfaceOrientationPortraitUpsideDown UIInterfaceOrientationLandscapeLeft UIInterfaceOrientationLandscapeRight";
				INFOPLIST_KEY_UISupportedInterfaceOrientations_iPhone = "UIInterfaceOrientationPortrait UIInterfaceOrientationLandscapeLeft UIInterfaceOrientationLandscapeRight";
				LD_RUNPATH_SEARCH_PATHS = (
					"$(inherited)",
					"@executable_path/Frameworks",
				);
				MARKETING_VERSION = 1.0;
				PRODUCT_BUNDLE_IDENTIFIER = info.jacobko.GroceryMartApp;
				PRODUCT_NAME = "$(TARGET_NAME)";
				SWIFT_EMIT_LOC_STRINGS = YES;
				SWIFT_VERSION = 5.0;
				TARGETED_DEVICE_FAMILY = 1;
			};
			name = Release;
		};
/* End XCBuildConfiguration section */

/* Begin XCConfigurationList section */
		810D4AAB277EE16B006DFF30 /* Build configuration list for PBXProject "GroceryMartApp" */ = {
			isa = XCConfigurationList;
			buildConfigurations = (
				810D4ABC277EE16C006DFF30 /* Debug */,
				810D4ABD277EE16C006DFF30 /* Release */,
			);
			defaultConfigurationIsVisible = 0;
			defaultConfigurationName = Release;
		};
		810D4ABE277EE16C006DFF30 /* Build configuration list for PBXNativeTarget "GroceryMartApp" */ = {
			isa = XCConfigurationList;
			buildConfigurations = (
				810D4ABF277EE16C006DFF30 /* Debug */,
				810D4AC0277EE16C006DFF30 /* Release */,
			);
			defaultConfigurationIsVisible = 0;
			defaultConfigurationName = Release;
		};
/* End XCConfigurationList section */
	};
	rootObject = 810D4AA8277EE16B006DFF30 /* Project object */;
}
